{
  "name": "javascript-interface",
  "version": "1.0.0",
  "lockfileVersion": 3,
  "requires": true,
  "packages": {
    "": {
      "name": "javascript-interface",
      "version": "1.0.0",
      "license": "ISC",
      "devDependencies": {
        "jasmine-core": "^6.1.0"
      }
    },
    "node_modules/jasmine-core": {
      "version": "6.1.0",
      "resolved": "https://registry.npmjs.org/jasmine-core/-/jasmine-core-6.1.0.tgz",
      "integrity": "sha512-p/tjBw58O6vxKIWMlrU+yys8lqR3+l3UrqwNTT7wpj+dQ7N4etQekFM8joI+cWzPDYqZf54kN+hLC1+s5TvZvg==",
      "dev": true,
      "license": "MIT"
    }
  }
}
